lockfileVersion: '9.0'

settings:
  autoInstallPeers: true
  excludeLinksFromLockfile: false

importers:

  .:
    devDependencies:
      '@manypkg/cli':
        specifier: ^0.25.1
        version: 0.25.1
      syncpack:
        specifier: ^15.3.2
        version: 15.3.2
      turbo:
        specifier: ^2.10.4
        version: 2.10.4

packages:

  '@manypkg/cli@0.25.1':
    resolution: {integrity: sha512-lag906FyiNxzZjsRErkUD5/to174I2JzPk5bZubuJp6loMKKJn73zrtqeU7nHlVkHBg3tgXDTJj22HxUDxLRXw==}
    engines: {node: '>=20.0.0'}
    hasBin: true

  '@manypkg/find-root@3.1.0':
    resolution: {integrity: sha512-BcSqCyKhBVZ5YkSzOiheMCV41kqAFptW6xGqYSTjkVTl9XQpr+pqHhwgGCOHQtjDCv7Is6EFyA14Sm5GVbVABA==}
    engines: {node: '>=20.0.0'}

  '@manypkg/get-packages@3.1.0':
    resolution: {integrity: sha512-0TbBVyvPrP7xGYBI/cP8UP+yl/z+HtbTttAD7FMAJgn/kXOTwh5/60TsqP9ZYY710forNfyV0N8P/IE/ujGZJg==}
    engines: {node: '>=20.0.0'}

  '@manypkg/tools@2.1.2':
    resolution: {integrity: sha512-6QEf6yqFbETdwGITKq57aYoPfX/3K8XFNwsAlx0C1M7o8cb79sv1M3w+tWuWvIcSbNqrLF7OD7YpZMVVz335hQ==}
    engines: {node: '>=20.0.0'}

  '@pnpm/config.env-replace@1.1.0':
    resolution: {integrity: sha512-htyl8TWnKL7K/ESFa1oW2UB5lVDxuF5DpM7tBi6Hu2LNL3mWkIzNLG6N4zoCUP1lCKNxWy/3iu8mS8MvToGd6w==}
    engines: {node: '>=12.22.0'}

  '@pnpm/network.ca-file@1.0.2':
    resolution: {integrity: sha512-YcPQ8a0jwYU9bTdJDpXjMi7Brhkr1mXsXrUJvjqM2mQDgkRiz8jFaQGOdaLxgjtUfQgZhKy/O3cG/YwmgKaxLA==}
    engines: {node: '>=12.22.0'}

  '@pnpm/npm-conf@3.0.3':
    resolution: {integrity: sha512-//0sR/cow/s4ICQaYoAobOl4aU8cjU6x/V24V7XkKotb9+O+3zySIYp146vpaobYHnxa4pZX8NkV54Z5AwbDKA==}
    engines: {node: '>=12'}

  '@turbo/darwin-64@2.10.4':
    resolution: {integrity: sha512-m1MUEI4MJ69r5CwfMYxmHi0H0rrgiYCBOp0tgBZ9x/YVvOb5uu/lRIDyDwdtH054R2yWeQaIigUGu6aCX9f8cA==}
    cpu: [x64]
    os: [darwin]

  '@turbo/darwin-arm64@2.10.4':
    resolution: {integrity: sha512-VQ1Yxs5zkPT+2z7t1P4mvn6JmcKLkOCAsPuK9XbOvuVj0DlTlETfIXNisX0771v/vTWHOQqiwoGi+TtAUq8efw==}
    cpu: [arm64]
    os: [darwin]

  '@turbo/linux-64@2.10.4':
    resolution: {integrity: sha512-IzV1QovmwX7mfGnVinmE++2IB8tbeo38weltiuH5zNqwCTBjLs/DytyRKx+bmnhHdXIq9SheR8p0Nip/LBUPHg==}
    cpu: [x64]
    os: [linux]

  '@turbo/linux-arm64@2.10.4':
    resolution: {integrity: sha512-rfujSQkP5aYiRn0PgTM7F00WkJCP/bKDVZbOx3WmrZwa/vHA0bplhCl328kpX7VI9HH2vI90ISGwuSVgJgoqTw==}
    cpu: [arm64]
    os: [linux]

  '@turbo/windows-64@2.10.4':
    resolution: {integrity: sha512-NnspP7Wd5fa3Wwnqv9bKfhegqZzuHBgbPxdZU/idTLQcazx/vgKu95JlCx2YHY0hdvKCnPcARrDwM+KEUmaO7A==}
    cpu: [x64]
    os: [win32]

  '@turbo/windows-arm64@2.10.4':
    resolution: {integrity: sha512-Iv02YgOpaEShc2OkG7mgCJ2pEw1RUKiKbs0h8W5wAf4jZ5vpmraTEjuGTgHRuOORQnC1GN3KHo5WB+hu1abRMA==}
    cpu: [arm64]
    os: [win32]

  config-chain@1.1.13:
    resolution: {integrity: sha512-qj+f8APARXHrM0hraqXYb2/bOVSV4PvJQlNZ/DVj0QrmNM2q2euizkeuVckQ57J+W0mRH6Hvi+k50M4Jul2VRQ==}

  deep-extend@0.6.0:
    resolution: {integrity: sha512-LOHxIOaPYdHlJRtCQfDIVZtfw/ufM8+rVj649RIHzcm/vGwQRXFt6OPqIFWsm2XEMrNIEtWR64sY1LEKD2vAOA==}
    engines: {node: '>=4.0.0'}

  detect-indent@7.0.2:
    resolution: {integrity: sha512-y+8xyqdGLL+6sh0tVeHcfP/QDd8gUgbasolJJpY7NgeQGSZ739bDtSiaiDgtoicy+mtYB81dKLxO9xRhCyIB3A==}
    engines: {node: '>=12.20'}

  fdir@6.5.0:
    resolution: {integrity: sha512-tIbYtZbucOs0BRGqPJkshJUYdL+SDH7dVM8gjy+ERp3WAUjLEFJE+02kanyHtwjWOnwrKYBiwAmM0p4kLJAnXg==}
    engines: {node: '>=12.0.0'}
    peerDependencies:
      picomatch: ^3 || ^4
    peerDependenciesMeta:
      picomatch:
        optional: true

  graceful-fs@4.2.10:
    resolution: {integrity: sha512-9ByhssR2fPVsNZj478qUUbKfmL0+t5BDVyjShtyZZLiK7ZDAArFFfopyOTj0M05wE2tJPisA4iTnnXl2YoPvOA==}

  ini@1.3.8:
    resolution: {integrity: sha512-JV/yugV2uzW5iMRSiZAyDtQd+nxtUnjeLt0acNdw98kKLrvuRVyB80tsREOE7yvGVgalhZ6RNXCmEHkUKBKxew==}

  jju@1.4.0:
    resolution: {integrity: sha512-8wb9Yw966OSxApiCt0K3yNJL8pnNeIv+OEq2YMidz4FKP6nonSRoOXc80iXY4JaN2FC11B9qsNmDsm+ZOfMROA==}

  ky@1.14.3:
    resolution: {integrity: sha512-9zy9lkjac+TR1c2tG+mkNSVlyOpInnWdSMiue4F+kq8TwJSgv6o8jhLRg8Ho6SnZ9wOYUq/yozts9qQCfk7bIw==}
    engines: {node: '>=18'}

  minimist@1.2.8:
    resolution: {integrity: sha512-2yyAR8qBkN3YuheJanUpWC5U3bb5osDywNB8RzDVlDwDHbocAJveqqj1u8+SVD7jkWT4yvsHCpWqqWqAxb0zCA==}

  normalize-path@3.0.0:
    resolution: {integrity: sha512-6eZs5Ls3WtCisHWp9S2GUy8dqkpGi4BVSz3GaqiE6ezub0512ESztXUwUB6C6IKbQkY2Pnb/mD4WYojCRwcwLA==}
    engines: {node: '>=0.10.0'}

  p-limit@6.2.0:
    resolution: {integrity: sha512-kuUqqHNUqoIWp/c467RI4X6mmyuojY5jGutNU0wVTmEOOfcuwLqyMVoAi9MKi2Ak+5i9+nhmrK4ufZE8069kHA==}
    engines: {node: '>=18'}

  package-json@10.0.1:
    resolution: {integrity: sha512-ua1L4OgXSBdsu1FPb7F3tYH0F48a6kxvod4pLUlGY9COeJAJQNX/sNH2IiEmsxw7lqYiAwrdHMjz1FctOsyDQg==}
    engines: {node: '>=18'}

  parse-github-url@1.0.4:
    resolution: {integrity: sha512-CEtCOt55fHmd6DpBc/N7H5NC4vJpcquhzzs9Iw2mRj8bVxo1O5TQI5MXKOMO7+yBOqD+5dKCCRK4Kj1KskZc6Q==}
    engines: {node: '>= 0.10'}
    hasBin: true

  picocolors@1.1.1:
    resolution: {integrity: sha512-xceH2snhtb5M9liqDsmEw56le376mTZkEX/jEb/RxNFyegNul7eNslCXP9FDj/Lcu0X8KEyMceP2ntpaHrDEVA==}

  picomatch@4.0.5:
    resolution: {integrity: sha512-RvwwcruNjI1ncT5xRakeyS9Lf8lcItv34KD+aif+VH9kduAyfYBipGh12274xtenIPZ119/R9BdTBa8gAwSh0A==}
    engines: {node: '>=12'}

  proto-list@1.2.4:
    resolution: {integrity: sha512-vtK/94akxsTMhe0/cbfpR+syPuszcuwhqVjJq26CuNDgFGj682oRBXOP5MJpv2r7JtE8MsiepGIqvvOTBwn2vA==}

  rc@1.2.8:
    resolution: {integrity: sha512-y3bGgqKj3QBdxLbLkomlohkvsA8gdAiUQlSBJnBhfn+BPxg4bc62d8TcBW15wavDfgexCgccckhcZvywyQYPOw==}
    hasBin: true

  registry-auth-token@5.1.1:
    resolution: {integrity: sha512-P7B4+jq8DeD2nMsAcdfaqHbssgHtZ7Z5+++a5ask90fvmJ8p5je4mOa+wzu+DB4vQ5tdJV/xywY+UnVFeQLV5Q==}
    engines: {node: '>=14'}

  registry-url@6.0.1:
    resolution: {integrity: sha512-+crtS5QjFRqFCoQmvGduwYWEBng99ZvmFvF+cUJkGYF1L1BfU8C6Zp9T7f5vPAwyLkUExpvK+ANVZmGU49qi4Q==}
    engines: {node: '>=12'}

  sembear@0.7.0:
    resolution: {integrity: sha512-XyLTEich2D02FODCkfdto3mB9DetWPLuTzr4tvoofe9SvyM27h4nQSbV3+iVcYQz94AFyKtqBv5pcZbj3k2hdA==}

  semver@7.8.5:
    resolution: {integrity: sha512-Y7/KDsb8LjooZpwaqGyulO6DQlksgCncchHGk+sZIY4SBvUocMBEFH5Ur1fI4dV+Jvl0w6cjvucaIi40puRioA==}
    engines: {node: '>=10'}
    hasBin: true

  strip-json-comments@2.0.1:
    resolution: {integrity: sha512-4gB8na07fecVVkOI6Rs4e7T6NOTki5EmL7TUduTs6bu3EdnSycntVJ4re8kgZA+wx9IueI2Y11bfbgwtzuE0KQ==}
    engines: {node: '>=0.10.0'}

  syncpack-darwin-arm64@15.3.2:
    resolution: {integrity: sha512-rQwZOvWJbvUzhBySbKnvs+F5khmdkH2W/kTZo+zz6UfH651K9z2fiOYlcpDPX0L97m566gRxVmOr930ygB97ZQ==}
    cpu: [arm64]
    os: [darwin]

  syncpack-darwin-x64@15.3.2:
    resolution: {integrity: sha512-91CWe9Pamfmlm2nY8bCL5z8GYOafGJUm/nQqtvaQDZ9SS25c6Gn8LDfRu6JSKV0dcI1zOH3EiRCM0K/kn9Mpiw==}
    cpu: [x64]
    os: [darwin]

  syncpack-linux-arm64-musl@15.3.2:
    resolution: {integrity: sha512-IzI4Sr1rFDuF7FFbZ+ti+qA2/0Rp/aGNgzoUzNH28wYJkJMv9KBBr3Nygc1jsoO1+XE1JkYsXkJHuSFrwiwtgA==}
    cpu: [arm64]
    os: [linux]

  syncpack-linux-arm64@15.3.2:
    resolution: {integrity: sha512-eApeUFLb8yFHAFnCyHicDieTBW0eR3HsaKSWPMmz+VOQOpZYl0cmqbRLtunsYN6OykRi9Sl1faYjKmyETow7Gg==}
    cpu: [arm64]
    os: [linux]

  syncpack-linux-x64-musl@15.3.2:
    resolution: {integrity: sha512-dohyuYgUVHdSFz1KYW/XngyYSiSV3tarroYRsloYsT8bcSStkh2vJVBht0eMl1OFTh3Hb6lNEC12Pgtw4gWTcg==}
    cpu: [x64]
    os: [linux]

  syncpack-linux-x64@15.3.2:
    resolution: {integrity: sha512-xrzBZx3DjKoece2h3Olv/Y/U7b1eNorWTMiF407m0tO5KJp5u926TMeHlldaA5GRCkVJBe5VaI33WYTJF753oQ==}
    cpu: [x64]
    os: [linux]

  syncpack-windows-arm64@15.3.2:
    resolution: {integrity: sha512-ZGjVpyS8PW6Y69HyXOb8RYVWRQ+hlRklqdgOp+x+eqrCRidGho8z2nN5tleMGzcaMC7hg+qSPFh5u6Fy/BXr4w==}
    cpu: [arm64]
    os: [win32]

  syncpack-windows-x64@15.3.2:
    resolution: {integrity: sha512-9zKWNXGhd3rryQjcpBjs02pKgvIzuz3PUS+vKL4vWnDu5VoHad4e6TzL4pvn+VfAm4wXzcuS9fZkxLBEMPLerw==}
    cpu: [x64]
    os: [win32]

  syncpack@15.3.2:
    resolution: {integrity: sha512-RKYfXFQlrIWosTheNbyJg3xHNjTDrW2mOvwxAz3XGghrUDN4hDjhKPCTAQrUtGZw9hNeIr37qRO3/+EP927Vtg==}
    engines: {node: '>=14.17.0'}
    hasBin: true

  tinyexec@1.2.4:
    resolution: {integrity: sha512-SHf/r48b7vOrjve9PxJo3MN5v5yuyjHvdUcrQffT3WXMUfnGmHDVbC4k3sHJaJTgZCwpUplIaAo5ANtMyp3YHg==}
    engines: {node: '>=18'}

  tinyglobby@0.2.17:
    resolution: {integrity: sha512-wXR/dYpcqKmfWpEdZjiKJOwCNFndD0DMnrW/cYjVGttEkBfVgcLFHoNrlj47mjOVic9yyNu65alsgF4NQyTa2g==}
    engines: {node: '>=12.0.0'}

  turbo@2.10.4:
    resolution: {integrity: sha512-GQpduILaKjoaGljw097ScsSyKTtZSY7cZ3bJktzfTkPMyCf3ShKLuXK2IaOEN2Plziml+ArR7WJ1m+V4VbnaKQ==}
    hasBin: true

  validate-npm-package-name@6.0.2:
    resolution: {integrity: sha512-IUoow1YUtvoBBC06dXs8bR8B9vuA3aJfmQNKMoaPG/OFsPmoQvw8xh+6Ye25Gx9DQhoEom3Pcu9MKHerm/NpUQ==}
    engines: {node: ^18.17.0 || >=20.5.0}

  yaml@2.9.0:
    resolution: {integrity: sha512-2AvhNX3mb8zd6Zy7INTtSpl1F15HW6Wnqj0srWlkKLcpYl/gMIMJiyuGq2KeI2YFxUPjdlB+3Lc10seMLtL4cA==}
    engines: {node: '>= 14.6'}
    hasBin: true

  yocto-queue@1.2.2:
    resolution: {integrity: sha512-4LCcse/U2MHZ63HAJVE+v71o7yOdIe4cZ70Wpf8D/IyjDKYQLV5GD46B+hSTjJsvV5PztjvHoU580EftxjDZFQ==}
    engines: {node: '>=12.20'}

snapshots:

  '@manypkg/cli@0.25.1':
    dependencies:
      '@manypkg/get-packages': 3.1.0
      detect-indent: 7.0.2
      normalize-path: 3.0.0
      p-limit: 6.2.0
      package-json: 10.0.1
      parse-github-url: 1.0.4
      picocolors: 1.1.1
      sembear: 0.7.0
      semver: 7.8.5
      tinyexec: 1.2.4
      validate-npm-package-name: 6.0.2

  '@manypkg/find-root@3.1.0':
    dependencies:
      '@manypkg/tools': 2.1.2

  '@manypkg/get-packages@3.1.0':
    dependencies:
      '@manypkg/find-root': 3.1.0
      '@manypkg/tools': 2.1.2

  '@manypkg/tools@2.1.2':
    dependencies:
      jju: 1.4.0
      tinyglobby: 0.2.17
      yaml: 2.9.0

  '@pnpm/config.env-replace@1.1.0': {}

  '@pnpm/network.ca-file@1.0.2':
    dependencies:
      graceful-fs: 4.2.10

  '@pnpm/npm-conf@3.0.3':
    dependencies:
      '@pnpm/config.env-replace': 1.1.0
      '@pnpm/network.ca-file': 1.0.2
      config-chain: 1.1.13

  '@turbo/darwin-64@2.10.4':
    optional: true

  '@turbo/darwin-arm64@2.10.4':
    optional: true

  '@turbo/linux-64@2.10.4':
    optional: true

  '@turbo/linux-arm64@2.10.4':
    optional: true

  '@turbo/windows-64@2.10.4':
    optional: true

  '@turbo/windows-arm64@2.10.4':
    optional: true

  config-chain@1.1.13:
    dependencies:
      ini: 1.3.8
      proto-list: 1.2.4

  deep-extend@0.6.0: {}

  detect-indent@7.0.2: {}

  fdir@6.5.0(picomatch@4.0.5):
    optionalDependencies:
      picomatch: 4.0.5

  graceful-fs@4.2.10: {}

  ini@1.3.8: {}

  jju@1.4.0: {}

  ky@1.14.3: {}

  minimist@1.2.8: {}

  normalize-path@3.0.0: {}

  p-limit@6.2.0:
    dependencies:
      yocto-queue: 1.2.2

  package-json@10.0.1:
    dependencies:
      ky: 1.14.3
      registry-auth-token: 5.1.1
      registry-url: 6.0.1
      semver: 7.8.5

  parse-github-url@1.0.4: {}

  picocolors@1.1.1: {}

  picomatch@4.0.5: {}

  proto-list@1.2.4: {}

  rc@1.2.8:
    dependencies:
      deep-extend: 0.6.0
      ini: 1.3.8
      minimist: 1.2.8
      strip-json-comments: 2.0.1

  registry-auth-token@5.1.1:
    dependencies:
      '@pnpm/npm-conf': 3.0.3

  registry-url@6.0.1:
    dependencies:
      rc: 1.2.8

  sembear@0.7.0:
    dependencies:
      semver: 7.8.5

  semver@7.8.5: {}

  strip-json-comments@2.0.1: {}

  syncpack-darwin-arm64@15.3.2:
    optional: true

  syncpack-darwin-x64@15.3.2:
    optional: true

  syncpack-linux-arm64-musl@15.3.2:
    optional: true

  syncpack-linux-arm64@15.3.2:
    optional: true

  syncpack-linux-x64-musl@15.3.2:
    optional: true

  syncpack-linux-x64@15.3.2:
    optional: true

  syncpack-windows-arm64@15.3.2:
    optional: true

  syncpack-windows-x64@15.3.2:
    optional: true

  syncpack@15.3.2:
    optionalDependencies:
      syncpack-darwin-arm64: 15.3.2
      syncpack-darwin-x64: 15.3.2
      syncpack-linux-arm64: 15.3.2
      syncpack-linux-arm64-musl: 15.3.2
      syncpack-linux-x64: 15.3.2
      syncpack-linux-x64-musl: 15.3.2
      syncpack-windows-arm64: 15.3.2
      syncpack-windows-x64: 15.3.2

  tinyexec@1.2.4: {}

  tinyglobby@0.2.17:
    dependencies:
      fdir: 6.5.0(picomatch@4.0.5)
      picomatch: 4.0.5

  turbo@2.10.4:
    optionalDependencies:
      '@turbo/darwin-64': 2.10.4
      '@turbo/darwin-arm64': 2.10.4
      '@turbo/linux-64': 2.10.4
      '@turbo/linux-arm64': 2.10.4
      '@turbo/windows-64': 2.10.4
      '@turbo/windows-arm64': 2.10.4

  validate-npm-package-name@6.0.2: {}

  yaml@2.9.0: {}

  yocto-queue@1.2.2: {}
